{
  "name": "scheduler-stack",
  "version": "0.1.0",
  "lockfileVersion": 3,
  "requires": true,
  "packages": {
    "": {
      "name": "scheduler-stack",
      "version": "0.1.0",
      "license": "MIT",
      "dependencies": {
        "@aws-cdk/aws-apigatewayv2-alpha": "^2.114.1-alpha.0",
        "@aws-cdk/aws-apigatewayv2-integrations-alpha": "^2.114.1-alpha.0",
        "aws-cdk-lib": "^2.187.0",
        "constructs": "^10.3.0"
      },
      "devDependencies": {
        "@types/node": "^20.13.0",
        "typescript": "^5.4.5"
      }
    },
    "node_modules/@aws-cdk/asset-awscli-v1": {
      "version": "2.2.230",
      "resolved": "https://registry.npmjs.org/@aws-cdk/asset-awscli-v1/-/asset-awscli-v1-2.2.230.tgz",
      "integrity": "sha512-kUnhKIYu42hqBa6a8x2/7o29ObpJgjYGQy28lZDq9awXyvpR62I2bRxrNKNR3uFUQz3ySuT9JXhGHhuZPdbnFw==",
      "license": "Apache-2.0"
    },
    "node_modules/@aws-cdk/asset-node-proxy-agent-v6": {
      "version": "2.1.0",
      "resolved": "https://registry.npmjs.org/@aws-cdk/asset-node-proxy-agent-v6/-/asset-node-proxy-agent-v6-2.1.0.tgz",
      "integrity": "sha512-7bY3J8GCVxLupn/kNmpPc5VJz8grx+4RKfnnJiO1LG+uxkZfANZG3RMHhE+qQxxwkyQ9/MfPtTpf748UhR425A==",
      "license": "Apache-2.0"
    },
    "node_modules/@aws-cdk/aws-apigatewayv2-alpha": {
      "version": "2.114.1-alpha.0",
      "resolved": "https://registry.npmjs.org/@aws-cdk/aws-apigatewayv2-alpha/-/aws-apigatewayv2-alpha-2.114.1-alpha.0.tgz",
      "integrity": "sha512-+urpw7rGrtdGvnHQlDXVfpI3TmQJpjuT9jTOeuuG5dNDczLJrUokBvQdj6H6KsngdmBC07WfWU+yL2MBp71ozA==",
      "engines": {
        "node": ">= 14.15.0"
      },
      "peerDependencies": {
        "aws-cdk-lib": "^2.114.1",
        "constructs": "^10.0.0"
      }
    },
    "node_modules/@aws-cdk/aws-apigatewayv2-integrations-alpha": {
      "version": "2.114.1-alpha.0",
      "resolved": "https://registry.npmjs.org/@aws-cdk/aws-apigatewayv2-integrations-alpha/-/aws-apigatewayv2-integrations-alpha-2.114.1-alpha.0.tgz",
      "integrity": "sha512-iB7vHoTguDKLeatJS4p/8OBqH4oLCG2xBn1toUFwMD9iWoRGahGiK0pYuq24baab3SuNS1LFThJw5Zu0R+cZGA==",
      "engines": {
        "node": ">= 14.15.0"
      },
      "peerDependencies": {
        "@aws-cdk/aws-apigatewayv2-alpha": "2.114.1-alpha.0",
        "aws-cdk-lib": "^2.114.1",
        "constructs": "^10.0.0"
      }
    },
    "node_modules/@aws-cdk/cloud-assembly-schema": {
      "version": "41.2.0",
      "resolved": "https://registry.npmjs.org/@aws-cdk/cloud-assembly-schema/-/cloud-assembly-schema-41.2.0.tgz",
      "integrity": "sha512-JaulVS6z9y5+u4jNmoWbHZRs9uGOnmn/ktXygNWKNu1k6lF3ad4so3s18eRu15XCbUIomxN9WPYT6Ehh7hzONw==",
      "bundleDependencies": [
        "jsonschema",
        "semver"
      ],
      "license": "Apache-2.0",
      "dependencies": {
        "jsonschema": "~1.4.1",
        "semver": "^7.7.1"
      },
      "engines": {
        "node": ">= 14.15.0"
      }
    },
    "node_modules/@types/node": {
      "version": "20.13.0",
      "resolved": "https://registry.npmjs.org/@types/node/-/node-20.13.0.tgz",
      "integrity": "sha512-FM6AOb3khNkNIXPnHFDYaHerSv8uN22C91z098AnGccVu+Pcdhi+pNUFDi0iLmPIsVE0JBD0KVS7mzUYt4nRzQ==",
      "dev": true,
      "dependencies": {
        "undici-types": "~5.26.4"
      }
    },
    "node_modules/aws-cdk-lib": {
      "version": "2.187.0",
      "resolved": "https://registry.npmjs.org/aws-cdk-lib/-/aws-cdk-lib-2.187.0.tgz",
      "integrity": "sha512-OrAWin+LD5sZhRF5cWuEYEkmC/sxxlgcAasCpfzeRsj6yDImwmeQsaKhM7xqzZQBInog6ZbN6oFZYiWEGJMSIA==",
      "bundleDependencies": [
        "@balena/dockerignore",
        "case",
        "fs-extra",
        "ignore",
        "jsonschema",
        "minimatch",
        "punycode",
        "semver",
        "table",
        "yaml",
        "mime-types"
      ],
      "license": "Apache-2.0",
      "dependencies": {
        "@aws-cdk/asset-awscli-v1": "^2.2.229",
        "@aws-cdk/asset-node-proxy-agent-v6": "^2.1.0",
        "@aws-cdk/cloud-assembly-schema": "^41.0.0",
        "@balena/dockerignore": "^1.0.2",
        "case": "1.6.3",
        "fs-extra": "^11.3.0",
        "ignore": "^5.3.2",
        "jsonschema": "^1.5.0",
        "mime-types": "^2.1.35",
        "minimatch": "^3.1.2",
        "punycode": "^2.3.1",
        "semver": "^7.7.1",
        "table": "^6.9.0",
        "yaml": "1.10.2"
      },
      "engines": {
        "node": ">= 14.15.0"
      },
      "peerDependencies": {
        "constructs": "^10.0.0"
      }
    },
    "node_modules/aws-cdk-lib/node_modules/@balena/dockerignore": {
      "version": "1.0.2",
      "inBundle": true,
      "license": "Apache-2.0"
    },
    "node_modules/aws-cdk-lib/node_modules/balanced-match": {
      "version": "1.0.2",
      "inBundle": true,
      "license": "MIT"
    },
    "node_modules/aws-cdk-lib/node_modules/brace-expansion": {
      "version": "1.1.11",
      "inBundle": true,
      "license": "MIT",
      "dependencies": {
        "balanced-match": "^1.0.0",
        "concat-map": "0.0.1"
      }
    },
    "node_modules/aws-cdk-lib/node_modules/case": {
      "version": "1.6.3",
      "inBundle": true,
      "license": "(MIT OR GPL-3.0-or-later)",
      "engines": {
        "node": ">= 0.8.0"
      }
    },
    "node_modules/aws-cdk-lib/node_modules/concat-map": {
      "version": "0.0.1",
      "inBundle": true,
      "license": "MIT"
    },
    "node_modules/aws-cdk-lib/node_modules/mime-db": {
      "version": "1.52.0",
      "inBundle": true,
      "license": "MIT",
      "engines": {
        "node": ">= 0.6"
      }
    },
    "node_modules/aws-cdk-lib/node_modules/mime-types": {
      "version": "2.1.35",
      "inBundle": true,
      "license": "MIT",
      "dependencies": {
        "mime-db": "1.52.0"
      },
      "engines": {
        "node": ">= 0.6"
      }
    },
    "node_modules/aws-cdk-lib/node_modules/minimatch": {
      "version": "3.1.2",
      "inBundle": true,
      "license": "ISC",
      "dependencies": {
        "brace-expansion": "^1.1.7"
      },
      "engines": {
        "node": "*"
      }
    },
    "node_modules/aws-cdk-lib/node_modules/yaml": {
      "version": "1.10.2",
      "inBundle": true,
      "license": "ISC",
      "engines": {
        "node": ">= 6"
      }
    },
    "node_modules/constructs": {
      "version": "10.3.0",
      "resolved": "https://registry.npmjs.org/constructs/-/constructs-10.3.0.tgz",
      "integrity": "sha512-vbK8i3rIb/xwZxSpTjz3SagHn1qq9BChLEfy5Hf6fB3/2eFbrwt2n9kHwQcS0CPTRBesreeAcsJfMq2229FnbQ==",
      "engines": {
        "node": ">= 16.14.0"
      }
    },
    "node_modules/typescript": {
      "version": "5.4.5",
      "resolved": "https://registry.npmjs.org/typescript/-/typescript-5.4.5.tgz",
      "integrity": "sha512-vcI4UpRgg81oIRUFwR0WSIHKt11nJ7SAVlYNIu+QpqeyXP+gpQJy/Z4+F0aGxSE4MqwjyXvW/TzgkLAx2AGHwQ==",
      "dev": true,
      "bin": {
        "tsc": "bin/tsc",
        "tsserver": "bin/tsserver"
      },
      "engines": {
        "node": ">=14.17"
      }
    },
    "node_modules/undici-types": {
      "version": "5.26.5",
      "resolved": "https://registry.npmjs.org/undici-types/-/undici-types-5.26.5.tgz",
      "integrity": "sha512-JlCMO+ehdEIKqlFxk6IfVoAUVmgz7cU7zD/h9XZ0qzeosSHmUJVOzSQvvYSYWXkFXC+IfLKSIffhv0sVZup6pA==",
      "dev": true
    }
  }
}
